
Microsoft Visual Studio Solution File, Format Version 12.00
# Visual Studio Version 17
VisualStudioVersion = 17.4.33122.133
MinimumVisualStudioVersion = 10.0.40219.1
Project("{9A19103F-16F7-4668-BE54-9A1E7A4F7556}") = "consumeapiinblazor", "consumeapiinblazor.csproj", "{CFA708CF-0DF4-4D68-8E68-150746349BC5}"
EndProject
Global
	GlobalSection(SolutionConfigurationPlatforms) = preSolution
		Debug|Any CPU = Debug|Any CPU
		Release|Any CPU = Release|Any CPU
	EndGlobalSection
	GlobalSection(ProjectConfigurationPlatforms) = postSolution
		{CFA708CF-0DF4-4D68-8E68-150746349BC5}.Debug|Any CPU.ActiveCfg = Debug|Any CPU
		{CFA708CF-0DF4-4D68-8E68-150746349BC5}.Debug|Any CPU.Build.0 = Debug|Any CPU
		{CFA708CF-0DF4-4D68-8E68-150746349BC5}.Release|Any CPU.ActiveCfg = Release|Any CPU
		{CFA708CF-0DF4-4D68-8E68-150746349BC5}.Release|Any CPU.Build.0 = Release|Any CPU
	EndGlobalSection
	GlobalSection(SolutionProperties) = preSolution
		HideSolutionNode = FALSE
	EndGlobalSection
	GlobalSection(ExtensibilityGlobals) = postSolution
		SolutionGuid = {7782028E-E1C2-41B5-BA00-E2A972CF664C}
	EndGlobalSection
EndGlobal
